
Microsoft Visual Studio Solution File, Format Version 12.00
Project("{FAE04EC0-301F-11D3-BF4B-00C04F79EFBC}") = "TaskManager", "TaskManager\TaskManager.csproj", "{D980C730-179A-4328-814F-EAF6CCE418AB}"
EndProject
Global
	GlobalSection(SolutionConfigurationPlatforms) = preSolution
		Debug|Any CPU = Debug|Any CPU
		Release|Any CPU = Release|Any CPU
	EndGlobalSection
	GlobalSection(ProjectConfigurationPlatforms) = postSolution
		{D980C730-179A-4328-814F-EAF6CCE418AB}.Debug|Any CPU.ActiveCfg = Debug|Any CPU
		{D980C730-179A-4328-814F-EAF6CCE418AB}.Debug|Any CPU.Build.0 = Debug|Any CPU
		{D980C730-179A-4328-814F-EAF6CCE418AB}.Release|Any CPU.ActiveCfg = Release|Any CPU
		{D980C730-179A-4328-814F-EAF6CCE418AB}.Release|Any CPU.Build.0 = Release|Any CPU
	EndGlobalSection
EndGlobal
